// !$*UTF8*$!
{
	archiveVersion = 1;
	classes = {
	};
	objectVersion = 56;
	objects = {

/* Begin PBXBuildFile section */
		A7F46A952BD1DEBE007BD04E /* AppDelegate.swift in Sources */ = {isa = PBXBuildFile; fileRef = A7F46A942BD1DEBE007BD04E /* AppDelegate.swift */; };
		A7F46A972BD1DEBE007BD04E /* SceneDelegate.swift in Sources */ = {isa = PBXBuildFile; fileRef = A7F46A962BD1DEBE007BD04E /* SceneDelegate.swift */; };
		A7F46A992BD1DEBE007BD04E /* ViewController.swift in Sources */ = {isa = PBXBuildFile; fileRef = A7F46A982BD1DEBE007BD04E /* ViewController.swift */; };
		A7F46A9C2BD1DEBE007BD04E /* Main.storyboard in Resources */ = {isa = PBXBuildFile; fileRef = A7F46A9A2BD1DEBE007BD04E /* Main.storyboard */; };
		A7F46A9E2BD1DEBF007BD04E /* Assets.xcassets in Resources */ = {isa = PBXBuildFile; fileRef = A7F46A9D2BD1DEBF007BD04E /* Assets.xcassets */; };
		A7F46AA12BD1DEBF007BD04E /* LaunchScreen.storyboard in Resources */ = {isa = PBXBuildFile; fileRef = A7F46A9F2BD1DEBF007BD04E /* LaunchScreen.storyboard */; };
		A7F46AAC2BD1DEBF007BD04E /* MusicPlayerTests.swift in Sources */ = {isa = PBXBuildFile; fileRef = A7F46AAB2BD1DEBF007BD04E /* MusicPlayerTests.swift */; };
		A7F46AB62BD1DEBF007BD04E /* MusicPlayerUITests.swift in Sources */ = {isa = PBXBuildFile; fileRef = A7F46AB52BD1DEBF007BD04E /* MusicPlayerUITests.swift */; };
		A7F46AB82BD1DEBF007BD04E /* MusicPlayerUITestsLaunchTests.swift in Sources */ = {isa = PBXBuildFile; fileRef = A7F46AB72BD1DEBF007BD04E /* MusicPlayerUITestsLaunchTests.swift */; };
		A7F46AC52BD1EA23007BD04E /* CollectionViewController.swift in Sources */ = {isa = PBXBuildFile; fileRef = A7F46AC42BD1EA23007BD04E /* CollectionViewController.swift */; };
		A7F46AC72BD1EC50007BD04E /* TableViewCell.swift in Sources */ = {isa = PBXBuildFile; fileRef = A7F46AC62BD1EC50007BD04E /* TableViewCell.swift */; };
		A7F46AC92BD1EE9D007BD04E /* Music.swift in Sources */ = {isa = PBXBuildFile; fileRef = A7F46AC82BD1EE9D007BD04E /* Music.swift */; };
/* End PBXBuildFile section */

/* Begin PBXContainerItemProxy section */
		A7F46AA82BD1DEBF007BD04E /* PBXContainerItemProxy */ = {
			isa = PBXContainerItemProxy;
			containerPortal = A7F46A892BD1DEBE007BD04E /* Project object */;
			proxyType = 1;
			remoteGlobalIDString = A7F46A902BD1DEBE007BD04E;
			remoteInfo = MusicPlayer;
		};
		A7F46AB22BD1DEBF007BD04E /* PBXContainerItemProxy */ = {
			isa = PBXContainerItemProxy;
			containerPortal = A7F46A892BD1DEBE007BD04E /* Project object */;
			proxyType = 1;
			remoteGlobalIDString = A7F46A902BD1DEBE007BD04E;
			remoteInfo = MusicPlayer;
		};
/* End PBXContainerItemProxy section */

/* Begin PBXFileReference section */
		A7F46A912BD1DEBE007BD04E /* MusicPlayer.app */ = {isa = PBXFileReference; explicitFileType = wrapper.application; includeInIndex = 0; path = MusicPlayer.app; sourceTree = BUILT_PRODUCTS_DIR; };
		A7F46A942BD1DEBE007BD04E /* AppDelegate.swift */ = {isa = PBXFileReference; lastKnownFileType = sourcecode.swift; path = AppDelegate.swift; sourceTree = "<group>"; };
		A7F46A962BD1DEBE007BD04E /* SceneDelegate.swift */ = {isa = PBXFileReference; lastKnownFileType = sourcecode.swift; path = SceneDelegate.swift; sourceTree = "<group>"; };
		A7F46A982BD1DEBE007BD04E /* ViewController.swift */ = {isa = PBXFileReference; lastKnownFileType = sourcecode.swift; path = ViewController.swift; sourceTree = "<group>"; };
		A7F46A9B2BD1DEBE007BD04E /* Base */ = {isa = PBXFileReference; lastKnownFileType = file.storyboard; name = Base; path = Base.lproj/Main.storyboard; sourceTree = "<group>"; };
		A7F46A9D2BD1DEBF007BD04E /* Assets.xcassets */ = {isa = PBXFileReference; lastKnownFileType = folder.assetcatalog; path = Assets.xcassets; sourceTree = "<group>"; };
		A7F46AA02BD1DEBF007BD04E /* Base */ = {isa = PBXFileReference; lastKnownFileType = file.storyboard; name = Base; path = Base.lproj/LaunchScreen.storyboard; sourceTree = "<group>"; };
		A7F46AA22BD1DEBF007BD04E /* Info.plist */ = {isa = PBXFileReference; lastKnownFileType = text.plist.xml; path = Info.plist; sourceTree = "<group>"; };
		A7F46AA72BD1DEBF007BD04E /* MusicPlayerTests.xctest */ = {isa = PBXFileReference; explicitFileType = wrapper.cfbundle; includeInIndex = 0; path = MusicPlayerTests.xctest; sourceTree = BUILT_PRODUCTS_DIR; };
		A7F46AAB2BD1DEBF007BD04E /* MusicPlayerTests.swift */ = {isa = PBXFileReference; lastKnownFileType = sourcecode.swift; path = MusicPlayerTests.swift; sourceTree = "<group>"; };
		A7F46AB12BD1DEBF007BD04E /* MusicPlayerUITests.xctest */ = {isa = PBXFileReference; explicitFileType = wrapper.cfbundle; includeInIndex = 0; path = MusicPlayerUITests.xctest; sourceTree = BUILT_PRODUCTS_DIR; };
		A7F46AB52BD1DEBF007BD04E /* MusicPlayerUITests.swift */ = {isa = PBXFileReference; lastKnownFileType = sourcecode.swift; path = MusicPlayerUITests.swift; sourceTree = "<group>"; };
		A7F46AB72BD1DEBF007BD04E /* MusicPlayerUITestsLaunchTests.swift */ = {isa = PBXFileReference; lastKnownFileType = sourcecode.swift; path = MusicPlayerUITestsLaunchTests.swift; sourceTree = "<group>"; };
		A7F46AC42BD1EA23007BD04E /* CollectionViewController.swift */ = {isa = PBXFileReference; lastKnownFileType = sourcecode.swift; path = CollectionViewController.swift; sourceTree = "<group>"; };
		A7F46AC62BD1EC50007BD04E /* TableViewCell.swift */ = {isa = PBXFileReference; lastKnownFileType = sourcecode.swift; path = TableViewCell.swift; sourceTree = "<group>"; };
		A7F46AC82BD1EE9D007BD04E /* Music.swift */ = {isa = PBXFileReference; lastKnownFileType = sourcecode.swift; path = Music.swift; sourceTree = "<group>"; };
/* End PBXFileReference section */

/* Begin PBXFrameworksBuildPhase section */
		A7F46A8E2BD1DEBE007BD04E /* Frameworks */ = {
			isa = PBXFrameworksBuildPhase;
			buildActionMask = 2147483647;
			files = (
			);
			runOnlyForDeploymentPostprocessing = 0;
		};
		A7F46AA42BD1DEBF007BD04E /* Frameworks */ = {
			isa = PBXFrameworksBuildPhase;
			buildActionMask = 2147483647;
			files = (
			);
			runOnlyForDeploymentPostprocessing = 0;
		};
		A7F46AAE2BD1DEBF007BD04E /* Frameworks */ = {
			isa = PBXFrameworksBuildPhase;
			buildActionMask = 2147483647;
			files = (
			);
			runOnlyForDeploymentPostprocessing = 0;
		};
/* End PBXFrameworksBuildPhase section */

/* Begin PBXGroup section */
		A7F46A882BD1DEBE007BD04E = {
			isa = PBXGroup;
			children = (
				A7F46A932BD1DEBE007BD04E /* MusicPlayer */,
				A7F46AAA2BD1DEBF007BD04E /* MusicPlayerTests */,
				A7F46AB42BD1DEBF007BD04E /* MusicPlayerUITests */,
				A7F46A922BD1DEBE007BD04E /* Products */,
			);
			sourceTree = "<group>";
		};
		A7F46A922BD1DEBE007BD04E /* Products */ = {
			isa = PBXGroup;
			children = (
				A7F46A912BD1DEBE007BD04E /* MusicPlayer.app */,
				A7F46AA72BD1DEBF007BD04E /* MusicPlayerTests.xctest */,
				A7F46AB12BD1DEBF007BD04E /* MusicPlayerUITests.xctest */,
			);
			name = Products;
			sourceTree = "<group>";
		};
		A7F46A932BD1DEBE007BD04E /* MusicPlayer */ = {
			isa = PBXGroup;
			children = (
				A7F46A942BD1DEBE007BD04E /* AppDelegate.swift */,
				A7F46A962BD1DEBE007BD04E /* SceneDelegate.swift */,
				A7F46A982BD1DEBE007BD04E /* ViewController.swift */,
				A7F46A9A2BD1DEBE007BD04E /* Main.storyboard */,
				A7F46A9D2BD1DEBF007BD04E /* Assets.xcassets */,
				A7F46A9F2BD1DEBF007BD04E /* LaunchScreen.storyboard */,
				A7F46AA22BD1DEBF007BD04E /* Info.plist */,
				A7F46AC42BD1EA23007BD04E /* CollectionViewController.swift */,
				A7F46AC62BD1EC50007BD04E /* TableViewCell.swift */,
				A7F46AC82BD1EE9D007BD04E /* Music.swift */,
			);
			path = MusicPlayer;
			sourceTree = "<group>";
		};
		A7F46AAA2BD1DEBF007BD04E /* MusicPlayerTests */ = {
			isa = PBXGroup;
			children = (
				A7F46AAB2BD1DEBF007BD04E /* MusicPlayerTests.swift */,
			);
			path = MusicPlayerTests;
			sourceTree = "<group>";
		};
		A7F46AB42BD1DEBF007BD04E /* MusicPlayerUITests */ = {
			isa = PBXGroup;
			children = (
				A7F46AB52BD1DEBF007BD04E /* MusicPlayerUITests.swift */,
				A7F46AB72BD1DEBF007BD04E /* MusicPlayerUITestsLaunchTests.swift */,
			);
			path = MusicPlayerUITests;
			sourceTree = "<group>";
		};
/* End PBXGroup section */

/* Begin PBXNativeTarget section */
		A7F46A902BD1DEBE007BD04E /* MusicPlayer */ = {
			isa = PBXNativeTarget;
			buildConfigurationList = A7F46ABB2BD1DEBF007BD04E /* Build configuration list for PBXNativeTarget "MusicPlayer" */;
			buildPhases = (
				A7F46A8D2BD1DEBE007BD04E /* Sources */,
				A7F46A8E2BD1DEBE007BD04E /* Frameworks */,
				A7F46A8F2BD1DEBE007BD04E /* Resources */,
			);
			buildRules = (
			);
			dependencies = (
			);
			name = MusicPlayer;
			productName = MusicPlayer;
			productReference = A7F46A912BD1DEBE007BD04E /* MusicPlayer.app */;
			productType = "com.apple.product-type.application";
		};
		A7F46AA62BD1DEBF007BD04E /* MusicPlayerTests */ = {
			isa = PBXNativeTarget;
			buildConfigurationList = A7F46ABE2BD1DEBF007BD04E /* Build configuration list for PBXNativeTarget "MusicPlayerTests" */;
			buildPhases = (
				A7F46AA32BD1DEBF007BD04E /* Sources */,
				A7F46AA42BD1DEBF007BD04E /* Frameworks */,
				A7F46AA52BD1DEBF007BD04E /* Resources */,
			);
			buildRules = (
			);
			dependencies = (
				A7F46AA92BD1DEBF007BD04E /* PBXTargetDependency */,
			);
			name = MusicPlayerTests;
			productName = MusicPlayerTests;
			productReference = A7F46AA72BD1DEBF007BD04E /* MusicPlayerTests.xctest */;
			productType = "com.apple.product-type.bundle.unit-test";
		};
		A7F46AB02BD1DEBF007BD04E /* MusicPlayerUITests */ = {
			isa = PBXNativeTarget;
			buildConfigurationList = A7F46AC12BD1DEBF007BD04E /* Build configuration list for PBXNativeTarget "MusicPlayerUITests" */;
			buildPhases = (
				A7F46AAD2BD1DEBF007BD04E /* Sources */,
				A7F46AAE2BD1DEBF007BD04E /* Frameworks */,
				A7F46AAF2BD1DEBF007BD04E /* Resources */,
			);
			buildRules = (
			);
			dependencies = (
				A7F46AB32BD1DEBF007BD04E /* PBXTargetDependency */,
			);
			name = MusicPlayerUITests;
			productName = MusicPlayerUITests;
			productReference = A7F46AB12BD1DEBF007BD04E /* MusicPlayerUITests.xctest */;
			productType = "com.apple.product-type.bundle.ui-testing";
		};
/* End PBXNativeTarget section */

/* Begin PBXProject section */
		A7F46A892BD1DEBE007BD04E /* Project object */ = {
			isa = PBXProject;
			attributes = {
				BuildIndependentTargetsInParallel = 1;
				LastSwiftUpdateCheck = 1430;
				LastUpgradeCheck = 1430;
				TargetAttributes = {
					A7F46A902BD1DEBE007BD04E = {
						CreatedOnToolsVersion = 14.3.1;
					};
					A7F46AA62BD1DEBF007BD04E = {
						CreatedOnToolsVersion = 14.3.1;
						TestTargetID = A7F46A902BD1DEBE007BD04E;
					};
					A7F46AB02BD1DEBF007BD04E = {
						CreatedOnToolsVersion = 14.3.1;
						TestTargetID = A7F46A902BD1DEBE007BD04E;
					};
				};
			};
			buildConfigurationList = A7F46A8C2BD1DEBE007BD04E /* Build configuration list for PBXProject "MusicPlayer" */;
			compatibilityVersion = "Xcode 14.0";
			developmentRegion = en;
			hasScannedForEncodings = 0;
			knownRegions = (
				en,
				Base,
			);
			mainGroup = A7F46A882BD1DEBE007BD04E;
			productRefGroup = A7F46A922BD1DEBE007BD04E /* Products */;
			projectDirPath = "";
			projectRoot = "";
			targets = (
				A7F46A902BD1DEBE007BD04E /* MusicPlayer */,
				A7F46AA62BD1DEBF007BD04E /* MusicPlayerTests */,
				A7F46AB02BD1DEBF007BD04E /* MusicPlayerUITests */,
			);
		};
/* End PBXProject section */

/* Begin PBXResourcesBuildPhase section */
		A7F46A8F2BD1DEBE007BD04E /* Resources */ = {
			isa = PBXResourcesBuildPhase;
			buildActionMask = 2147483647;
			files = (
				A7F46AA12BD1DEBF007BD04E /* LaunchScreen.storyboard in Resources */,
				A7F46A9E2BD1DEBF007BD04E /* Assets.xcassets in Resources */,
				A7F46A9C2BD1DEBE007BD04E /* Main.storyboard in Resources */,
			);
			runOnlyForDeploymentPostprocessing = 0;
		};
		A7F46AA52BD1DEBF007BD04E /* Resources */ = {
			isa = PBXResourcesBuildPhase;
			buildActionMask = 2147483647;
			files = (
			);
			runOnlyForDeploymentPostprocessing = 0;
		};
		A7F46AAF2BD1DEBF007BD04E /* Resources */ = {
			isa = PBXResourcesBuildPhase;
			buildActionMask = 2147483647;
			files = (
			);
			runOnlyForDeploymentPostprocessing = 0;
		};
/* End PBXResourcesBuildPhase section */

/* Begin PBXSourcesBuildPhase section */
		A7F46A8D2BD1DEBE007BD04E /* Sources */ = {
			isa = PBXSourcesBuildPhase;
			buildActionMask = 2147483647;
			files = (
				A7F46AC72BD1EC50007BD04E /* TableViewCell.swift in Sources */,
				A7F46AC52BD1EA23007BD04E /* CollectionViewController.swift in Sources */,
				A7F46A992BD1DEBE007BD04E /* ViewController.swift in Sources */,
				A7F46A952BD1DEBE007BD04E /* AppDelegate.swift in Sources */,
				A7F46A972BD1DEBE007BD04E /* SceneDelegate.swift in Sources */,
				A7F46AC92BD1EE9D007BD04E /* Music.swift in Sources */,
			);
			runOnlyForDeploymentPostprocessing = 0;
		};
		A7F46AA32BD1DEBF007BD04E /* Sources */ = {
			isa = PBXSourcesBuildPhase;
			buildActionMask = 2147483647;
			files = (
				A7F46AAC2BD1DEBF007BD04E /* MusicPlayerTests.swift in Sources */,
			);
			runOnlyForDeploymentPostprocessing = 0;
		};
		A7F46AAD2BD1DEBF007BD04E /* Sources */ = {
			isa = PBXSourcesBuildPhase;
			buildActionMask = 2147483647;
			files = (
				A7F46AB62BD1DEBF007BD04E /* MusicPlayerUITests.swift in Sources */,
				A7F46AB82BD1DEBF007BD04E /* MusicPlayerUITestsLaunchTests.swift in Sources */,
			);
			runOnlyForDeploymentPostprocessing = 0;
		};
/* End PBXSourcesBuildPhase section */

/* Begin PBXTargetDependency section */
		A7F46AA92BD1DEBF007BD04E /* PBXTargetDependency */ = {
			isa = PBXTargetDependency;
			target = A7F46A902BD1DEBE007BD04E /* MusicPlayer */;
			targetProxy = A7F46AA82BD1DEBF007BD04E /* PBXContainerItemProxy */;
		};
		A7F46AB32BD1DEBF007BD04E /* PBXTargetDependency */ = {
			isa = PBXTargetDependency;
			target = A7F46A902BD1DEBE007BD04E /* MusicPlayer */;
			targetProxy = A7F46AB22BD1DEBF007BD04E /* PBXContainerItemProxy */;
		};
/* End PBXTargetDependency section */

/* Begin PBXVariantGroup section */
		A7F46A9A2BD1DEBE007BD04E /* Main.storyboard */ = {
			isa = PBXVariantGroup;
			children = (
				A7F46A9B2BD1DEBE007BD04E /* Base */,
			);
			name = Main.storyboard;
			sourceTree = "<group>";
		};
		A7F46A9F2BD1DEBF007BD04E /* LaunchScreen.storyboard */ = {
			isa = PBXVariantGroup;
			children = (
				A7F46AA02BD1DEBF007BD04E /* Base */,
			);
			name = LaunchScreen.storyboard;
			sourceTree = "<group>";
		};
/* End PBXVariantGroup section */

/* Begin XCBuildConfiguration section */
		A7F46AB92BD1DEBF007BD04E /* Debug */ = {
			isa = XCBuildConfiguration;
			buildSettings = {
				ALWAYS_SEARCH_USER_PATHS = NO;
				CLANG_ANALYZER_NONNULL = YES;
				CLANG_ANALYZER_NUMBER_OBJECT_CONVERSION = YES_AGGRESSIVE;
				CLANG_CXX_LANGUAGE_STANDARD = "gnu++20";
				CLANG_ENABLE_MODULES = YES;
				CLANG_ENABLE_OBJC_ARC = YES;
				CLANG_ENABLE_OBJC_WEAK = YES;
				CLANG_WARN_BLOCK_CAPTURE_AUTORELEASING = YES;
				CLANG_WARN_BOOL_CONVERSION = YES;
				CLANG_WARN_COMMA = YES;
				CLANG_WARN_CONSTANT_CONVERSION = YES;
				CLANG_WARN_DEPRECATED_OBJC_IMPLEMENTATIONS = YES;
				CLANG_WARN_DIRECT_OBJC_ISA_USAGE = YES_ERROR;
				CLANG_WARN_DOCUMENTATION_COMMENTS = YES;
				CLANG_WARN_EMPTY_BODY = YES;
				CLANG_WARN_ENUM_CONVERSION = YES;
				CLANG_WARN_INFINITE_RECURSION = YES;
				CLANG_WARN_INT_CONVERSION = YES;
				CLANG_WARN_NON_LITERAL_NULL_CONVERSION = YES;
				CLANG_WARN_OBJC_IMPLICIT_RETAIN_SELF = YES;
				CLANG_WARN_OBJC_LITERAL_CONVERSION = YES;
				CLANG_WARN_OBJC_ROOT_CLASS = YES_ERROR;
				CLANG_WARN_QUOTED_INCLUDE_IN_FRAMEWORK_HEADER = YES;
				CLANG_WARN_RANGE_LOOP_ANALYSIS = YES;
				CLANG_WARN_STRICT_PROTOTYPES = YES;
				CLANG_WARN_SUSPICIOUS_MOVE = YES;
				CLANG_WARN_UNGUARDED_AVAILABILITY = YES_AGGRESSIVE;
				CLANG_WARN_UNREACHABLE_CODE = YES;
				CLANG_WARN__DUPLICATE_METHOD_MATCH = YES;
				COPY_PHASE_STRIP = NO;
				DEBUG_INFORMATION_FORMAT = dwarf;
				ENABLE_STRICT_OBJC_MSGSEND = YES;
				ENABLE_TESTABILITY = YES;
				GCC_C_LANGUAGE_STANDARD = gnu11;
				GCC_DYNAMIC_NO_PIC = NO;
				GCC_NO_COMMON_BLOCKS = YES;
				GCC_OPTIMIZATION_LEVEL = 0;
				GCC_PREPROCESSOR_DEFINITIONS = (
					"DEBUG=1",
					"$(inherited)",
				);
				GCC_WARN_64_TO_32_BIT_CONVERSION = YES;
				GCC_WARN_ABOUT_RETURN_TYPE = YES_ERROR;
				GCC_WARN_UNDECLARED_SELECTOR = YES;
				GCC_WARN_UNINITIALIZED_AUTOS = YES_AGGRESSIVE;
				GCC_WARN_UNUSED_FUNCTION = YES;
				GCC_WARN_UNUSED_VARIABLE = YES;
				IPHONEOS_DEPLOYMENT_TARGET = 16.4;
				MTL_ENABLE_DEBUG_INFO = INCLUDE_SOURCE;
				MTL_FAST_MATH = YES;
				ONLY_ACTIVE_ARCH = YES;
				SDKROOT = iphoneos;
				SWIFT_ACTIVE_COMPILATION_CONDITIONS = DEBUG;
				SWIFT_OPTIMIZATION_LEVEL = "-Onone";
			};
			name = Debug;
		};
		A7F46ABA2BD1DEBF007BD04E /* Release */ = {
			isa = XCBuildConfiguration;
			buildSettings = {
				ALWAYS_SEARCH_USER_PATHS = NO;
				CLANG_ANALYZER_NONNULL = YES;
				CLANG_ANALYZER_NUMBER_OBJECT_CONVERSION = YES_AGGRESSIVE;
				CLANG_CXX_LANGUAGE_STANDARD = "gnu++20";
				CLANG_ENABLE_MODULES = YES;
				CLANG_ENABLE_OBJC_ARC = YES;
				CLANG_ENABLE_OBJC_WEAK = YES;
				CLANG_WARN_BLOCK_CAPTURE_AUTORELEASING = YES;
				CLANG_WARN_BOOL_CONVERSION = YES;
				CLANG_WARN_COMMA = YES;
				CLANG_WARN_CONSTANT_CONVERSION = YES;
				CLANG_WARN_DEPRECATED_OBJC_IMPLEMENTATIONS = YES;
				CLANG_WARN_DIRECT_OBJC_ISA_USAGE = YES_ERROR;
				CLANG_WARN_DOCUMENTATION_COMMENTS = YES;
				CLANG_WARN_EMPTY_BODY = YES;
				CLANG_WARN_ENUM_CONVERSION = YES;
				CLANG_WARN_INFINITE_RECURSION = YES;
				CLANG_WARN_INT_CONVERSION = YES;
				CLANG_WARN_NON_LITERAL_NULL_CONVERSION = YES;
				CLANG_WARN_OBJC_IMPLICIT_RETAIN_SELF = YES;
				CLANG_WARN_OBJC_LITERAL_CONVERSION = YES;
				CLANG_WARN_OBJC_ROOT_CLASS = YES_ERROR;
				CLANG_WARN_QUOTED_INCLUDE_IN_FRAMEWORK_HEADER = YES;
				CLANG_WARN_RANGE_LOOP_ANALYSIS = YES;
				CLANG_WARN_STRICT_PROTOTYPES = YES;
				CLANG_WARN_SUSPICIOUS_MOVE = YES;
				CLANG_WARN_UNGUARDED_AVAILABILITY = YES_AGGRESSIVE;
				CLANG_WARN_UNREACHABLE_CODE = YES;
				CLANG_WARN__DUPLICATE_METHOD_MATCH = YES;
				COPY_PHASE_STRIP = NO;
				DEBUG_INFORMATION_FORMAT = "dwarf-with-dsym";
				ENABLE_NS_ASSERTIONS = NO;
				ENABLE_STRICT_OBJC_MSGSEND = YES;
				GCC_C_LANGUAGE_STANDARD = gnu11;
				GCC_NO_COMMON_BLOCKS = YES;
				GCC_WARN_64_TO_32_BIT_CONVERSION = YES;
				GCC_WARN_ABOUT_RETURN_TYPE = YES_ERROR;
				GCC_WARN_UNDECLARED_SELECTOR = YES;
				GCC_WARN_UNINITIALIZED_AUTOS = YES_AGGRESSIVE;
				GCC_WARN_UNUSED_FUNCTION = YES;
				GCC_WARN_UNUSED_VARIABLE = YES;
				IPHONEOS_DEPLOYMENT_TARGET = 16.4;
				MTL_ENABLE_DEBUG_INFO = NO;
				MTL_FAST_MATH = YES;
				SDKROOT = iphoneos;
				SWIFT_COMPILATION_MODE = wholemodule;
				SWIFT_OPTIMIZATION_LEVEL = "-O";
				VALIDATE_PRODUCT = YES;
			};
			name = Release;
		};
		A7F46ABC2BD1DEBF007BD04E /* Debug */ = {
			isa = XCBuildConfiguration;
			buildSettings = {
				ASSETCATALOG_COMPILER_APPICON_NAME = AppIcon;
				ASSETCATALOG_COMPILER_GLOBAL_ACCENT_COLOR_NAME = AccentColor;
				CODE_SIGN_STYLE = Automatic;
				CURRENT_PROJECT_VERSION = 1;
				GENERATE_INFOPLIST_FILE = YES;
				INFOPLIST_FILE = MusicPlayer/Info.plist;
				INFOPLIST_KEY_UIApplicationSupportsIndirectInputEvents = YES;
				INFOPLIST_KEY_UILaunchStoryboardName = LaunchScreen;
				INFOPLIST_KEY_UIMainStoryboardFile = Main;
				INFOPLIST_KEY_UISupportedInterfaceOrientations = UIInterfaceOrientationLandscapeLeft;
				LD_RUNPATH_SEARCH_PATHS = (
					"$(inherited)",
					"@executable_path/Frameworks",
				);
				MARKETING_VERSION = 1.0;
				PRODUCT_BUNDLE_IDENTIFIER = com.nathanjamrog.MusicPlayer;
				PRODUCT_NAME = "$(TARGET_NAME)";
				SWIFT_EMIT_LOC_STRINGS = YES;
				SWIFT_VERSION = 5.0;
				TARGETED_DEVICE_FAMILY = "1,2";
			};
			name = Debug;
		};
		A7F46ABD2BD1DEBF007BD04E /* Release */ = {
			isa = XCBuildConfiguration;
			buildSettings = {
				ASSETCATALOG_COMPILER_APPICON_NAME = AppIcon;
				ASSETCATALOG_COMPILER_GLOBAL_ACCENT_COLOR_NAME = AccentColor;
				CODE_SIGN_STYLE = Automatic;
				CURRENT_PROJECT_VERSION = 1;
				GENERATE_INFOPLIST_FILE = YES;
				INFOPLIST_FILE = MusicPlayer/Info.plist;
				INFOPLIST_KEY_UIApplicationSupportsIndirectInputEvents = YES;
				INFOPLIST_KEY_UILaunchStoryboardName = LaunchScreen;
				INFOPLIST_KEY_UIMainStoryboardFile = Main;
				INFOPLIST_KEY_UISupportedInterfaceOrientations = UIInterfaceOrientationLandscapeLeft;
				LD_RUNPATH_SEARCH_PATHS = (
					"$(inherited)",
					"@executable_path/Frameworks",
				);
				MARKETING_VERSION = 1.0;
				PRODUCT_BUNDLE_IDENTIFIER = com.nathanjamrog.MusicPlayer;
				PRODUCT_NAME = "$(TARGET_NAME)";
				SWIFT_EMIT_LOC_STRINGS = YES;
				SWIFT_VERSION = 5.0;
				TARGETED_DEVICE_FAMILY = "1,2";
			};
			name = Release;
		};
		A7F46ABF2BD1DEBF007BD04E /* Debug */ = {
			isa = XCBuildConfiguration;
			buildSettings = {
				ALWAYS_EMBED_SWIFT_STANDARD_LIBRARIES = YES;
				BUNDLE_LOADER = "$(TEST_HOST)";
				CODE_SIGN_STYLE = Automatic;
				CURRENT_PROJECT_VERSION = 1;
				GENERATE_INFOPLIST_FILE = YES;
				IPHONEOS_DEPLOYMENT_TARGET = 16.4;
				MARKETING_VERSION = 1.0;
				PRODUCT_BUNDLE_IDENTIFIER = com.nathanjamrog.MusicPlayerTests;
				PRODUCT_NAME = "$(TARGET_NAME)";
				SWIFT_EMIT_LOC_STRINGS = NO;
				SWIFT_VERSION = 5.0;
				TARGETED_DEVICE_FAMILY = "1,2";
				TEST_HOST = "$(BUILT_PRODUCTS_DIR)/MusicPlayer.app/$(BUNDLE_EXECUTABLE_FOLDER_PATH)/MusicPlayer";
			};
			name = Debug;
		};
		A7F46AC02BD1DEBF007BD04E /* Release */ = {
			isa = XCBuildConfiguration;
			buildSettings = {
				ALWAYS_EMBED_SWIFT_STANDARD_LIBRARIES = YES;
				BUNDLE_LOADER = "$(TEST_HOST)";
				CODE_SIGN_STYLE = Automatic;
				CURRENT_PROJECT_VERSION = 1;
				GENERATE_INFOPLIST_FILE = YES;
				IPHONEOS_DEPLOYMENT_TARGET = 16.4;
				MARKETING_VERSION = 1.0;
				PRODUCT_BUNDLE_IDENTIFIER = com.nathanjamrog.MusicPlayerTests;
				PRODUCT_NAME = "$(TARGET_NAME)";
				SWIFT_EMIT_LOC_STRINGS = NO;
				SWIFT_VERSION = 5.0;
				TARGETED_DEVICE_FAMILY = "1,2";
				TEST_HOST = "$(BUILT_PRODUCTS_DIR)/MusicPlayer.app/$(BUNDLE_EXECUTABLE_FOLDER_PATH)/MusicPlayer";
			};
			name = Release;
		};
		A7F46AC22BD1DEBF007BD04E /* Debug */ = {
			isa = XCBuildConfiguration;
			buildSettings = {
				ALWAYS_EMBED_SWIFT_STANDARD_LIBRARIES = YES;
				CODE_SIGN_STYLE = Automatic;
				CURRENT_PROJECT_VERSION = 1;
				GENERATE_INFOPLIST_FILE = YES;
				MARKETING_VERSION = 1.0;
				PRODUCT_BUNDLE_IDENTIFIER = com.nathanjamrog.MusicPlayerUITests;
				PRODUCT_NAME = "$(TARGET_NAME)";
				SWIFT_EMIT_LOC_STRINGS = NO;
				SWIFT_VERSION = 5.0;
				TARGETED_DEVICE_FAMILY = "1,2";
				TEST_TARGET_NAME = MusicPlayer;
			};
			name = Debug;
		};
		A7F46AC32BD1DEBF007BD04E /* Release */ = {
			isa = XCBuildConfiguration;
			buildSettings = {
				ALWAYS_EMBED_SWIFT_STANDARD_LIBRARIES = YES;
				CODE_SIGN_STYLE = Automatic;
				CURRENT_PROJECT_VERSION = 1;
				GENERATE_INFOPLIST_FILE = YES;
				MARKETING_VERSION = 1.0;
				PRODUCT_BUNDLE_IDENTIFIER = com.nathanjamrog.MusicPlayerUITests;
				PRODUCT_NAME = "$(TARGET_NAME)";
				SWIFT_EMIT_LOC_STRINGS = NO;
				SWIFT_VERSION = 5.0;
				TARGETED_DEVICE_FAMILY = "1,2";
				TEST_TARGET_NAME = MusicPlayer;
			};
			name = Release;
		};
/* End XCBuildConfiguration section */

/* Begin XCConfigurationList section */
		A7F46A8C2BD1DEBE007BD04E /* Build configuration list for PBXProject "MusicPlayer" */ = {
			isa = XCConfigurationList;
			buildConfigurations = (
				A7F46AB92BD1DEBF007BD04E /* Debug */,
				A7F46ABA2BD1DEBF007BD04E /* Release */,
			);
			defaultConfigurationIsVisible = 0;
			defaultConfigurationName = Release;
		};
		A7F46ABB2BD1DEBF007BD04E /* Build configuration list for PBXNativeTarget "MusicPlayer" */ = {
			isa = XCConfigurationList;
			buildConfigurations = (
				A7F46ABC2BD1DEBF007BD04E /* Debug */,
				A7F46ABD2BD1DEBF007BD04E /* Release */,
			);
			defaultConfigurationIsVisible = 0;
			defaultConfigurationName = Release;
		};
		A7F46ABE2BD1DEBF007BD04E /* Build configuration list for PBXNativeTarget "MusicPlayerTests" */ = {
			isa = XCConfigurationList;
			buildConfigurations = (
				A7F46ABF2BD1DEBF007BD04E /* Debug */,
				A7F46AC02BD1DEBF007BD04E /* Release */,
			);
			defaultConfigurationIsVisible = 0;
			defaultConfigurationName = Release;
		};
		A7F46AC12BD1DEBF007BD04E /* Build configuration list for PBXNativeTarget "MusicPlayerUITests" */ = {
			isa = XCConfigurationList;
			buildConfigurations = (
				A7F46AC22BD1DEBF007BD04E /* Debug */,
				A7F46AC32BD1DEBF007BD04E /* Release */,
			);
			defaultConfigurationIsVisible = 0;
			defaultConfigurationName = Release;
		};
/* End XCConfigurationList section */
	};
	rootObject = A7F46A892BD1DEBE007BD04E /* Project object */;
}
